// !$*UTF8*$!
{
	archiveVersion = 1;
	classes = {
	};
	objectVersion = 50;
	objects = {

/* Begin PBXBuildFile section */
		21512D6D24433A4800DA6964 /* AppDelegate.swift in Sources */ = {isa = PBXBuildFile; fileRef = 21512D6C24433A4800DA6964 /* AppDelegate.swift */; };
		21512D6F24433A4800DA6964 /* SceneDelegate.swift in Sources */ = {isa = PBXBuildFile; fileRef = 21512D6E24433A4800DA6964 /* SceneDelegate.swift */; };
		21512D7124433A4800DA6964 /* ContentView.swift in Sources */ = {isa = PBXBuildFile; fileRef = 21512D7024433A4800DA6964 /* ContentView.swift */; };
		21512D7324433A4D00DA6964 /* Assets.xcassets in Resources */ = {isa = PBXBuildFile; fileRef = 21512D7224433A4D00DA6964 /* Assets.xcassets */; };
		21512D7624433A4D00DA6964 /* Preview Assets.xcassets in Resources */ = {isa = PBXBuildFile; fileRef = 21512D7524433A4D00DA6964 /* Preview Assets.xcassets */; };
		21512D7924433A4D00DA6964 /* LaunchScreen.storyboard in Resources */ = {isa = PBXBuildFile; fileRef = 21512D7724433A4D00DA6964 /* LaunchScreen.storyboard */; };
/* End PBXBuildFile section */

/* Begin PBXFileReference section */
		21512D6924433A4800DA6964 /* DailyTasks.app */ = {isa = PBXFileReference; explicitFileType = wrapper.application; includeInIndex = 0; path = DailyTasks.app; sourceTree = BUILT_PRODUCTS_DIR; };
		21512D6C24433A4800DA6964 /* AppDelegate.swift */ = {isa = PBXFileReference; lastKnownFileType = sourcecode.swift; path = AppDelegate.swift; sourceTree = "<group>"; };
		21512D6E24433A4800DA6964 /* SceneDelegate.swift */ = {isa = PBXFileReference; lastKnownFileType = sourcecode.swift; path = SceneDelegate.swift; sourceTree = "<group>"; };
		21512D7024433A4800DA6964 /* ContentView.swift */ = {isa = PBXFileReference; lastKnownFileType = sourcecode.swift; path = ContentView.swift; sourceTree = "<group>"; };
		21512D7224433A4D00DA6964 /* Assets.xcassets */ = {isa = PBXFileReference; lastKnownFileType = folder.assetcatalog; path = Assets.xcassets; sourceTree = "<group>"; };
		21512D7524433A4D00DA6964 /* Preview Assets.xcassets */ = {isa = PBXFileReference; lastKnownFileType = folder.assetcatalog; path = "Preview Assets.xcassets"; sourceTree = "<group>"; };
		21512D7824433A4D00DA6964 /* Base */ = {isa = PBXFileReference; lastKnownFileType = file.storyboard; name = Base; path = Base.lproj/LaunchScreen.storyboard; sourceTree = "<group>"; };
		21512D7A24433A4D00DA6964 /* Info.plist */ = {isa = PBXFileReference; lastKnownFileType = text.plist.xml; path = Info.plist; sourceTree = "<group>"; };
/* End PBXFileReference section */

/* Begin PBXFrameworksBuildPhase section */
		21512D6624433A4800DA6964 /* Frameworks */ = {
			isa = PBXFrameworksBuildPhase;
			buildActionMask = 2147483647;
			files = (
			);
			runOnlyForDeploymentPostprocessing = 0;
		};
/* End PBXFrameworksBuildPhase section */

/* Begin PBXGroup section */
		21512D6024433A4800DA6964 = {
			isa = PBXGroup;
			children = (
				21512D6B24433A4800DA6964 /* DailyTasks */,
				21512D6A24433A4800DA6964 /* Products */,
			);
			sourceTree = "<group>";
		};
		21512D6A24433A4800DA6964 /* Products */ = {
			isa = PBXGroup;
			children = (
				21512D6924433A4800DA6964 /* DailyTasks.app */,
			);
			name = Products;
			sourceTree = "<group>";
		};
		21512D6B24433A4800DA6964 /* DailyTasks */ = {
			isa = PBXGroup;
			children = (
				21512D6C24433A4800DA6964 /* AppDelegate.swift */,
				21512D6E24433A4800DA6964 /* SceneDelegate.swift */,
				21512D7024433A4800DA6964 /* ContentView.swift */,
				21512D7224433A4D00DA6964 /* Assets.xcassets */,
				21512D7724433A4D00DA6964 /* LaunchScreen.storyboard */,
				21512D7A24433A4D00DA6964 /* Info.plist */,
				21512D7424433A4D00DA6964 /* Preview Content */,
			);
			path = DailyTasks;
			sourceTree = "<group>";
		};
		21512D7424433A4D00DA6964 /* Preview Content */ = {
			isa = PBXGroup;
			children = (
				21512D7524433A4D00DA6964 /* Preview Assets.xcassets */,
			);
			path = "Preview Content";
			sourceTree = "<group>";
		};
/* End PBXGroup section */

/* Begin PBXNativeTarget section */
		21512D6824433A4800DA6964 /* DailyTasks */ = {
			isa = PBXNativeTarget;
			buildConfigurationList = 21512D7D24433A4D00DA6964 /* Build configuration list for PBXNativeTarget "DailyTasks" */;
			buildPhases = (
				21512D6524433A4800DA6964 /* Sources */,
				21512D6624433A4800DA6964 /* Frameworks */,
				21512D6724433A4800DA6964 /* Resources */,
			);
			buildRules = (
			);
			dependencies = (
			);
			name = DailyTasks;
			productName = DailyTasks;
			productReference = 21512D6924433A4800DA6964 /* DailyTasks.app */;
			productType = "com.apple.product-type.application";
		};
/* End PBXNativeTarget section */

/* Begin PBXProject section */
		21512D6124433A4800DA6964 /* Project object */ = {
			isa = PBXProject;
			attributes = {
				LastSwiftUpdateCheck = 1140;
				LastUpgradeCheck = 1140;
				ORGANIZATIONNAME = 10Avenue;
				TargetAttributes = {
					21512D6824433A4800DA6964 = {
						CreatedOnToolsVersion = 11.4;
					};
				};
			};
			buildConfigurationList = 21512D6424433A4800DA6964 /* Build configuration list for PBXProject "DailyTasks" */;
			compatibilityVersion = "Xcode 9.3";
			developmentRegion = en;
			hasScannedForEncodings = 0;
			knownRegions = (
				en,
				Base,
			);
			mainGroup = 21512D6024433A4800DA6964;
			productRefGroup = 21512D6A24433A4800DA6964 /* Products */;
			projectDirPath = "";
			projectRoot = "";
			targets = (
				21512D6824433A4800DA6964 /* DailyTasks */,
			);
		};
/* End PBXProject section */

/* Begin PBXResourcesBuildPhase section */
		21512D6724433A4800DA6964 /* Resources */ = {
			isa = PBXResourcesBuildPhase;
			buildActionMask = 2147483647;
			files = (
				21512D7924433A4D00DA6964 /* LaunchScreen.storyboard in Resources */,
				21512D7624433A4D00DA6964 /* Preview Assets.xcassets in Resources */,
				21512D7324433A4D00DA6964 /* Assets.xcassets in Resources */,
			);
			runOnlyForDeploymentPostprocessing = 0;
		};
/* End PBXResourcesBuildPhase section */

/* Begin PBXSourcesBuildPhase section */
		21512D6524433A4800DA6964 /* Sources */ = {
			isa = PBXSourcesBuildPhase;
			buildActionMask = 2147483647;
			files = (
				21512D6D24433A4800DA6964 /* AppDelegate.swift in Sources */,
				21512D6F24433A4800DA6964 /* SceneDelegate.swift in Sources */,
				21512D7124433A4800DA6964 /* ContentView.swift in Sources */,
			);
			runOnlyForDeploymentPostprocessing = 0;
		};
/* End PBXSourcesBuildPhase section */

/* Begin PBXVariantGroup section */
		21512D7724433A4D00DA6964 /* LaunchScreen.storyboard */ = {
			isa = PBXVariantGroup;
			children = (
				21512D7824433A4D00DA6964 /* Base */,
			);
			name = LaunchScreen.storyboard;
			sourceTree = "<group>";
		};
/* End PBXVariantGroup section */

/* Begin XCBuildConfiguration section */
		21512D7B24433A4D00DA6964 /* Debug */ = {
			isa = XCBuildConfiguration;
			buildSettings = {
				ALWAYS_SEARCH_USER_PATHS = NO;
				CLANG_ANALYZER_NONNULL = YES;
				CLANG_ANALYZER_NUMBER_OBJECT_CONVERSION = YES_AGGRESSIVE;
				CLANG_CXX_LANGUAGE_STANDARD = "gnu++14";
				CLANG_CXX_LIBRARY = "libc++";
				CLANG_ENABLE_MODULES = YES;
				CLANG_ENABLE_OBJC_ARC = YES;
				CLANG_ENABLE_OBJC_WEAK = YES;
				CLANG_WARN_BLOCK_CAPTURE_AUTORELEASING = YES;
				CLANG_WARN_BOOL_CONVERSION = YES;
				CLANG_WARN_COMMA = YES;
				CLANG_WARN_CONSTANT_CONVERSION = YES;
				CLANG_WARN_DEPRECATED_OBJC_IMPLEMENTATIONS = YES;
				CLANG_WARN_DIRECT_OBJC_ISA_USAGE = YES_ERROR;
				CLANG_WARN_DOCUMENTATION_COMMENTS = YES;
				CLANG_WARN_EMPTY_BODY = YES;
				CLANG_WARN_ENUM_CONVERSION = YES;
				CLANG_WARN_INFINITE_RECURSION = YES;
				CLANG_WARN_INT_CONVERSION = YES;
				CLANG_WARN_NON_LITERAL_NULL_CONVERSION = YES;
				CLANG_WARN_OBJC_IMPLICIT_RETAIN_SELF = YES;
				CLANG_WARN_OBJC_LITERAL_CONVERSION = YES;
				CLANG_WARN_OBJC_ROOT_CLASS = YES_ERROR;
				CLANG_WARN_RANGE_LOOP_ANALYSIS = YES;
				CLANG_WARN_STRICT_PROTOTYPES = YES;
				CLANG_WARN_SUSPICIOUS_MOVE = YES;
				CLANG_WARN_UNGUARDED_AVAILABILITY = YES_AGGRESSIVE;
				CLANG_WARN_UNREACHABLE_CODE = YES;
				CLANG_WARN__DUPLICATE_METHOD_MATCH = YES;
				COPY_PHASE_STRIP = NO;
				DEBUG_INFORMATION_FORMAT = dwarf;
				ENABLE_STRICT_OBJC_MSGSEND = YES;
				ENABLE_TESTABILITY = YES;
				GCC_C_LANGUAGE_STANDARD = gnu11;
				GCC_DYNAMIC_NO_PIC = NO;
				GCC_NO_COMMON_BLOCKS = YES;
				GCC_OPTIMIZATION_LEVEL = 0;
				GCC_PREPROCESSOR_DEFINITIONS = (
					"DEBUG=1",
					"$(inherited)",
				);
				GCC_WARN_64_TO_32_BIT_CONVERSION = YES;
				GCC_WARN_ABOUT_RETURN_TYPE = YES_ERROR;
				GCC_WARN_UNDECLARED_SELECTOR = YES;
				GCC_WARN_UNINITIALIZED_AUTOS = YES_AGGRESSIVE;
				GCC_WARN_UNUSED_FUNCTION = YES;
				GCC_WARN_UNUSED_VARIABLE = YES;
				IPHONEOS_DEPLOYMENT_TARGET = 13.4;
				MTL_ENABLE_DEBUG_INFO = INCLUDE_SOURCE;
				MTL_FAST_MATH = YES;
				ONLY_ACTIVE_ARCH = YES;
				SDKROOT = iphoneos;
				SWIFT_ACTIVE_COMPILATION_CONDITIONS = DEBUG;
				SWIFT_OPTIMIZATION_LEVEL = "-Onone";
			};
			name = Debug;
		};
		21512D7C24433A4D00DA6964 /* Release */ = {
			isa = XCBuildConfiguration;
			buildSettings = {
				ALWAYS_SEARCH_USER_PATHS = NO;
				CLANG_ANALYZER_NONNULL = YES;
				CLANG_ANALYZER_NUMBER_OBJECT_CONVERSION = YES_AGGRESSIVE;
				CLANG_CXX_LANGUAGE_STANDARD = "gnu++14";
				CLANG_CXX_LIBRARY = "libc++";
				CLANG_ENABLE_MODULES = YES;
				CLANG_ENABLE_OBJC_ARC = YES;
				CLANG_ENABLE_OBJC_WEAK = YES;
				CLANG_WARN_BLOCK_CAPTURE_AUTORELEASING = YES;
				CLANG_WARN_BOOL_CONVERSION = YES;
				CLANG_WARN_COMMA = YES;
				CLANG_WARN_CONSTANT_CONVERSION = YES;
				CLANG_WARN_DEPRECATED_OBJC_IMPLEMENTATIONS = YES;
				CLANG_WARN_DIRECT_OBJC_ISA_USAGE = YES_ERROR;
				CLANG_WARN_DOCUMENTATION_COMMENTS = YES;
				CLANG_WARN_EMPTY_BODY = YES;
				CLANG_WARN_ENUM_CONVERSION = YES;
				CLANG_WARN_INFINITE_RECURSION = YES;
				CLANG_WARN_INT_CONVERSION = YES;
				CLANG_WARN_NON_LITERAL_NULL_CONVERSION = YES;
				CLANG_WARN_OBJC_IMPLICIT_RETAIN_SELF = YES;
				CLANG_WARN_OBJC_LITERAL_CONVERSION = YES;
				CLANG_WARN_OBJC_ROOT_CLASS = YES_ERROR;
				CLANG_WARN_RANGE_LOOP_ANALYSIS = YES;
				CLANG_WARN_STRICT_PROTOTYPES = YES;
				CLANG_WARN_SUSPICIOUS_MOVE = YES;
				CLANG_WARN_UNGUARDED_AVAILABILITY = YES_AGGRESSIVE;
				CLANG_WARN_UNREACHABLE_CODE = YES;
				CLANG_WARN__DUPLICATE_METHOD_MATCH = YES;
				COPY_PHASE_STRIP = NO;
				DEBUG_INFORMATION_FORMAT = "dwarf-with-dsym";
				ENABLE_NS_ASSERTIONS = NO;
				ENABLE_STRICT_OBJC_MSGSEND = YES;
				GCC_C_LANGUAGE_STANDARD = gnu11;
				GCC_NO_COMMON_BLOCKS = YES;
				GCC_WARN_64_TO_32_BIT_CONVERSION = YES;
				GCC_WARN_ABOUT_RETURN_TYPE = YES_ERROR;
				GCC_WARN_UNDECLARED_SELECTOR = YES;
				GCC_WARN_UNINITIALIZED_AUTOS = YES_AGGRESSIVE;
				GCC_WARN_UNUSED_FUNCTION = YES;
				GCC_WARN_UNUSED_VARIABLE = YES;
				IPHONEOS_DEPLOYMENT_TARGET = 13.4;
				MTL_ENABLE_DEBUG_INFO = NO;
				MTL_FAST_MATH = YES;
				SDKROOT = iphoneos;
				SWIFT_COMPILATION_MODE = wholemodule;
				SWIFT_OPTIMIZATION_LEVEL = "-O";
				VALIDATE_PRODUCT = YES;
			};
			name = Release;
		};
		21512D7E24433A4D00DA6964 /* Debug */ = {
			isa = XCBuildConfiguration;
			buildSettings = {
				ASSETCATALOG_COMPILER_APPICON_NAME = AppIcon;
				CODE_SIGN_STYLE = Automatic;
				DEVELOPMENT_ASSET_PATHS = "\"DailyTasks/Preview Content\"";
				ENABLE_PREVIEWS = YES;
				INFOPLIST_FILE = DailyTasks/Info.plist;
				LD_RUNPATH_SEARCH_PATHS = (
					"$(inherited)",
					"@executable_path/Frameworks",
				);
				PRODUCT_BUNDLE_IDENTIFIER = com.sourav.apps.DailyTasks;
				PRODUCT_NAME = "$(TARGET_NAME)";
				SWIFT_VERSION = 5.0;
				TARGETED_DEVICE_FAMILY = "1,2";
			};
			name = Debug;
		};
		21512D7F24433A4D00DA6964 /* Release */ = {
			isa = XCBuildConfiguration;
			buildSettings = {
				ASSETCATALOG_COMPILER_APPICON_NAME = AppIcon;
				CODE_SIGN_STYLE = Automatic;
				DEVELOPMENT_ASSET_PATHS = "\"DailyTasks/Preview Content\"";
				ENABLE_PREVIEWS = YES;
				INFOPLIST_FILE = DailyTasks/Info.plist;
				LD_RUNPATH_SEARCH_PATHS = (
					"$(inherited)",
					"@executable_path/Frameworks",
				);
				PRODUCT_BUNDLE_IDENTIFIER = com.sourav.apps.DailyTasks;
				PRODUCT_NAME = "$(TARGET_NAME)";
				SWIFT_VERSION = 5.0;
				TARGETED_DEVICE_FAMILY = "1,2";
			};
			name = Release;
		};
/* End XCBuildConfiguration section */

/* Begin XCConfigurationList section */
		21512D6424433A4800DA6964 /* Build configuration list for PBXProject "DailyTasks" */ = {
			isa = XCConfigurationList;
			buildConfigurations = (
				21512D7B24433A4D00DA6964 /* Debug */,
				21512D7C24433A4D00DA6964 /* Release */,
			);
			defaultConfigurationIsVisible = 0;
			defaultConfigurationName = Release;
		};
		21512D7D24433A4D00DA6964 /* Build configuration list for PBXNativeTarget "DailyTasks" */ = {
			isa = XCConfigurationList;
			buildConfigurations = (
				21512D7E24433A4D00DA6964 /* Debug */,
				21512D7F24433A4D00DA6964 /* Release */,
			);
			defaultConfigurationIsVisible = 0;
			defaultConfigurationName = Release;
		};
/* End XCConfigurationList section */
	};
	rootObject = 21512D6124433A4800DA6964 /* Project object */;
}
